
Microsoft Visual Studio Solution File, Format Version 12.00
# Visual Studio 15
VisualStudioVersion = 15.0.27703.2042
MinimumVisualStudioVersion = 10.0.40219.1
Project("{FAE04EC0-301F-11D3-BF4B-00C04F79EFBC}") = "HospitalManagement", "HospitalManagement\HospitalManagement.csproj", "{BF0FEB76-7B96-41A7-B16B-A624FFBD7CF4}"
EndProject
Project("{FAE04EC0-301F-11D3-BF4B-00C04F79EFBC}") = "BusinessLayer", "BusinessLayer\BusinessLayer.csproj", "{DF28E4FA-E6AB-4F9A-A918-2978B1E1CC05}"
EndProject
Project("{FAE04EC0-301F-11D3-BF4B-00C04F79EFBC}") = "DataAccessLayer", "DataAccessLayer\DataAccessLayer.csproj", "{1454600E-477D-4476-A65E-05456226148F}"
EndProject
Project("{FAE04EC0-301F-11D3-BF4B-00C04F79EFBC}") = "ServerLayer", "ServerLayer\ServerLayer.csproj", "{5F52632A-D6E5-43B7-8B30-5B854595CAF9}"
EndProject
Global
	GlobalSection(SolutionConfigurationPlatforms) = preSolution
		Debug|Any CPU = Debug|Any CPU
		Release|Any CPU = Release|Any CPU
	EndGlobalSection
	GlobalSection(ProjectConfigurationPlatforms) = postSolution
		{BF0FEB76-7B96-41A7-B16B-A624FFBD7CF4}.Debug|Any CPU.ActiveCfg = Debug|Any CPU
		{BF0FEB76-7B96-41A7-B16B-A624FFBD7CF4}.Debug|Any CPU.Build.0 = Debug|Any CPU
		{BF0FEB76-7B96-41A7-B16B-A624FFBD7CF4}.Release|Any CPU.ActiveCfg = Release|Any CPU
		{BF0FEB76-7B96-41A7-B16B-A624FFBD7CF4}.Release|Any CPU.Build.0 = Release|Any CPU
		{DF28E4FA-E6AB-4F9A-A918-2978B1E1CC05}.Debug|Any CPU.ActiveCfg = Debug|Any CPU
		{DF28E4FA-E6AB-4F9A-A918-2978B1E1CC05}.Debug|Any CPU.Build.0 = Debug|Any CPU
		{DF28E4FA-E6AB-4F9A-A918-2978B1E1CC05}.Release|Any CPU.ActiveCfg = Release|Any CPU
		{DF28E4FA-E6AB-4F9A-A918-2978B1E1CC05}.Release|Any CPU.Build.0 = Release|Any CPU
		{1454600E-477D-4476-A65E-05456226148F}.Debug|Any CPU.ActiveCfg = Debug|Any CPU
		{1454600E-477D-4476-A65E-05456226148F}.Debug|Any CPU.Build.0 = Debug|Any CPU
		{1454600E-477D-4476-A65E-05456226148F}.Release|Any CPU.ActiveCfg = Release|Any CPU
		{1454600E-477D-4476-A65E-05456226148F}.Release|Any CPU.Build.0 = Release|Any CPU
		{5F52632A-D6E5-43B7-8B30-5B854595CAF9}.Debug|Any CPU.ActiveCfg = Debug|Any CPU
		{5F52632A-D6E5-43B7-8B30-5B854595CAF9}.Debug|Any CPU.Build.0 = Debug|Any CPU
		{5F52632A-D6E5-43B7-8B30-5B854595CAF9}.Release|Any CPU.ActiveCfg = Release|Any CPU
		{5F52632A-D6E5-43B7-8B30-5B854595CAF9}.Release|Any CPU.Build.0 = Release|Any CPU
	EndGlobalSection
	GlobalSection(SolutionProperties) = preSolution
		HideSolutionNode = FALSE
	EndGlobalSection
	GlobalSection(ExtensibilityGlobals) = postSolution
		SolutionGuid = {D04136AA-D8DC-4798-9C9E-59BD16193A1A}
	EndGlobalSection
EndGlobal
